<Solution>
  <Folder Name="/SolutionsConfig/">
    <File Path="../.editorconfig" />
    <File Path="../.gitattributes" />
    <File Path="../.github/dependabot.yml" />
    <File Path="../.github/workflows/BuildOnly.yml" />
    <File Path="../.github/workflows/BuildDeploy.yml" />
    <File Path="../.gitignore" />
    <File Path="../Directory.Build.props" />
    <File Path="../Directory.Packages.props" />
    <File Path="../global.json" />
    <File Path="../Images/logo.ico" />
    <File Path="../Images/logo.png" />
    <File Path="../LICENSE" />
    <File Path="../README.md" />
  </Folder>
  <Folder Name="/Tests/">
    <Project Path="ServiceInstaller.Tests/ServiceInstaller.Tests.csproj" />
  </Folder>
  <Project Path="../build/_build.csproj">
    <Build Project="false" />
  </Project>
  <Project Path="ServiceInstaller.Cli/ServiceInstaller.Cli.csproj" />
  <Project Path="ServiceInstaller/ServiceInstaller.csproj" />
</Solution>
