
Microsoft Visual Studio Solution File, Format Version 12.00
# Visual Studio Version 17
VisualStudioVersion = 17.5.33516.290
MinimumVisualStudioVersion = 10.0.40219.1
Project("{9A19103F-16F7-4668-BE54-9A1E7A4F7556}") = "ServiceInstaller", "ServiceInstaller\ServiceInstaller.csproj", "{8CDCA6CD-5A37-416D-9888-DE4A02EC4F90}"
EndProject
Project("{2150E333-8FDC-42A3-9474-1A3956D46DE8}") = "SolutionsConfig", "SolutionsConfig", "{3031DDE8-B346-4AEB-997F-E3F9FCBA99CC}"
	ProjectSection(SolutionItems) = preProject
		..\.editorconfig = ..\.editorconfig
		..\.gitattributes = ..\.gitattributes
		..\.gitignore = ..\.gitignore
		..\.github\workflows\BuildOnly.yml = ..\.github\workflows\BuildOnly.yml
		..\.github\workflows\BuildRelease.yml = ..\.github\workflows\BuildRelease.yml
		..\.github\dependabot.yml = ..\.github\dependabot.yml
		..\Directory.Build.props = ..\Directory.Build.props
		..\global.json = ..\global.json
		..\LICENSE = ..\LICENSE
		..\Images\logo.ico = ..\Images\logo.ico
		..\Images\logo.png = ..\Images\logo.png
		..\README.md = ..\README.md
		..\stylecop.json = ..\stylecop.json
		..\Version.json = ..\Version.json
	EndProjectSection
EndProject
Global
	GlobalSection(SolutionConfigurationPlatforms) = preSolution
		Debug|Any CPU = Debug|Any CPU
		PreRelease|Any CPU = PreRelease|Any CPU
		Release|Any CPU = Release|Any CPU
	EndGlobalSection
	GlobalSection(ProjectConfigurationPlatforms) = postSolution
		{8CDCA6CD-5A37-416D-9888-DE4A02EC4F90}.Debug|Any CPU.ActiveCfg = Debug|Any CPU
		{8CDCA6CD-5A37-416D-9888-DE4A02EC4F90}.Debug|Any CPU.Build.0 = Debug|Any CPU
		{8CDCA6CD-5A37-416D-9888-DE4A02EC4F90}.PreRelease|Any CPU.ActiveCfg = PreRelease|Any CPU
		{8CDCA6CD-5A37-416D-9888-DE4A02EC4F90}.PreRelease|Any CPU.Build.0 = PreRelease|Any CPU
		{8CDCA6CD-5A37-416D-9888-DE4A02EC4F90}.Release|Any CPU.ActiveCfg = Release|Any CPU
		{8CDCA6CD-5A37-416D-9888-DE4A02EC4F90}.Release|Any CPU.Build.0 = Release|Any CPU
	EndGlobalSection
	GlobalSection(SolutionProperties) = preSolution
		HideSolutionNode = FALSE
	EndGlobalSection
	GlobalSection(ExtensibilityGlobals) = postSolution
		SolutionGuid = {5DA97EC3-A33E-450D-93E1-2044A4504C73}
	EndGlobalSection
EndGlobal
